// !$*UTF8*$!
{
	archiveVersion = 1;
	classes = {
	};
	objectVersion = 55;
	objects = {

/* Begin PBXBuildFile section */
		001FE90F28D111720063EA2D /* AppDelegate.swift in Sources */ = {isa = PBXBuildFile; fileRef = 001FE90E28D111720063EA2D /* AppDelegate.swift */; };
		001FE91128D111720063EA2D /* SceneDelegate.swift in Sources */ = {isa = PBXBuildFile; fileRef = 001FE91028D111720063EA2D /* SceneDelegate.swift */; };
		001FE91628D111720063EA2D /* Main.storyboard in Resources */ = {isa = PBXBuildFile; fileRef = 001FE91428D111720063EA2D /* Main.storyboard */; };
		001FE91828D111730063EA2D /* Assets.xcassets in Resources */ = {isa = PBXBuildFile; fileRef = 001FE91728D111730063EA2D /* Assets.xcassets */; };
		001FE91B28D111730063EA2D /* LaunchScreen.storyboard in Resources */ = {isa = PBXBuildFile; fileRef = 001FE91928D111730063EA2D /* LaunchScreen.storyboard */; };
		001FE92428D11C160063EA2D /* Savoye LET.ttc in Resources */ = {isa = PBXBuildFile; fileRef = 001FE92228D11C160063EA2D /* Savoye LET.ttc */; };
		001FE92528D11C160063EA2D /* quotes.json in Resources */ = {isa = PBXBuildFile; fileRef = 001FE92328D11C160063EA2D /* quotes.json */; };
		00E7731B28E76F5D0064A825 /* QuotesManager.swift in Sources */ = {isa = PBXBuildFile; fileRef = 00E7731A28E76F5D0064A825 /* QuotesManager.swift */; };
		00E7731D28E76F880064A825 /* Configuration.swift in Sources */ = {isa = PBXBuildFile; fileRef = 00E7731C28E76F880064A825 /* Configuration.swift */; };
		00F8DAFA28E6022C00103973 /* QuotesViewController.swift in Sources */ = {isa = PBXBuildFile; fileRef = 00F8DAF928E6022C00103973 /* QuotesViewController.swift */; };
		00F8DAFC28E6027700103973 /* SettingsViewController.swift in Sources */ = {isa = PBXBuildFile; fileRef = 00F8DAFB28E6027700103973 /* SettingsViewController.swift */; };
		00F8DB0028E6116A00103973 /* Quote.swift in Sources */ = {isa = PBXBuildFile; fileRef = 00F8DAFF28E6116A00103973 /* Quote.swift */; };
/* End PBXBuildFile section */

/* Begin PBXFileReference section */
		001FE90B28D111720063EA2D /* Pensamentos.app */ = {isa = PBXFileReference; explicitFileType = wrapper.application; includeInIndex = 0; path = Pensamentos.app; sourceTree = BUILT_PRODUCTS_DIR; };
		001FE90E28D111720063EA2D /* AppDelegate.swift */ = {isa = PBXFileReference; lastKnownFileType = sourcecode.swift; path = AppDelegate.swift; sourceTree = "<group>"; };
		001FE91028D111720063EA2D /* SceneDelegate.swift */ = {isa = PBXFileReference; lastKnownFileType = sourcecode.swift; path = SceneDelegate.swift; sourceTree = "<group>"; };
		001FE91528D111720063EA2D /* Base */ = {isa = PBXFileReference; lastKnownFileType = file.storyboard; name = Base; path = Base.lproj/Main.storyboard; sourceTree = "<group>"; };
		001FE91728D111730063EA2D /* Assets.xcassets */ = {isa = PBXFileReference; lastKnownFileType = folder.assetcatalog; path = Assets.xcassets; sourceTree = "<group>"; };
		001FE91A28D111730063EA2D /* Base */ = {isa = PBXFileReference; lastKnownFileType = file.storyboard; name = Base; path = Base.lproj/LaunchScreen.storyboard; sourceTree = "<group>"; };
		001FE91C28D111730063EA2D /* Info.plist */ = {isa = PBXFileReference; lastKnownFileType = text.plist.xml; path = Info.plist; sourceTree = "<group>"; };
		001FE92228D11C160063EA2D /* Savoye LET.ttc */ = {isa = PBXFileReference; lastKnownFileType = file; path = "Savoye LET.ttc"; sourceTree = "<group>"; };
		001FE92328D11C160063EA2D /* quotes.json */ = {isa = PBXFileReference; fileEncoding = 4; lastKnownFileType = text.json; path = quotes.json; sourceTree = "<group>"; };
		00E7731A28E76F5D0064A825 /* QuotesManager.swift */ = {isa = PBXFileReference; lastKnownFileType = sourcecode.swift; path = QuotesManager.swift; sourceTree = "<group>"; };
		00E7731C28E76F880064A825 /* Configuration.swift */ = {isa = PBXFileReference; lastKnownFileType = sourcecode.swift; path = Configuration.swift; sourceTree = "<group>"; };
		00F8DAF928E6022C00103973 /* QuotesViewController.swift */ = {isa = PBXFileReference; lastKnownFileType = sourcecode.swift; path = QuotesViewController.swift; sourceTree = "<group>"; };
		00F8DAFB28E6027700103973 /* SettingsViewController.swift */ = {isa = PBXFileReference; lastKnownFileType = sourcecode.swift; path = SettingsViewController.swift; sourceTree = "<group>"; };
		00F8DAFF28E6116A00103973 /* Quote.swift */ = {isa = PBXFileReference; lastKnownFileType = sourcecode.swift; path = Quote.swift; sourceTree = "<group>"; };
/* End PBXFileReference section */

/* Begin PBXFrameworksBuildPhase section */
		001FE90828D111720063EA2D /* Frameworks */ = {
			isa = PBXFrameworksBuildPhase;
			buildActionMask = 2147483647;
			files = (
			);
			runOnlyForDeploymentPostprocessing = 0;
		};
/* End PBXFrameworksBuildPhase section */

/* Begin PBXGroup section */
		001FE90228D111720063EA2D = {
			isa = PBXGroup;
			children = (
				001FE90D28D111720063EA2D /* Pensamentos */,
				001FE90C28D111720063EA2D /* Products */,
			);
			sourceTree = "<group>";
		};
		001FE90C28D111720063EA2D /* Products */ = {
			isa = PBXGroup;
			children = (
				001FE90B28D111720063EA2D /* Pensamentos.app */,
			);
			name = Products;
			sourceTree = "<group>";
		};
		001FE90D28D111720063EA2D /* Pensamentos */ = {
			isa = PBXGroup;
			children = (
				001FE90E28D111720063EA2D /* AppDelegate.swift */,
				001FE91028D111720063EA2D /* SceneDelegate.swift */,
				001FE92628D11C320063EA2D /* Files */,
				00F8DB0128E611CF00103973 /* Models */,
				00F8DAFE28E6033A00103973 /* Views */,
				00F8DAFD28E6031700103973 /* Controllers */,
				001FE91728D111730063EA2D /* Assets.xcassets */,
				001FE91C28D111730063EA2D /* Info.plist */,
			);
			path = Pensamentos;
			sourceTree = "<group>";
		};
		001FE92628D11C320063EA2D /* Files */ = {
			isa = PBXGroup;
			children = (
				001FE92228D11C160063EA2D /* Savoye LET.ttc */,
				001FE92328D11C160063EA2D /* quotes.json */,
			);
			path = Files;
			sourceTree = "<group>";
		};
		00F8DAFD28E6031700103973 /* Controllers */ = {
			isa = PBXGroup;
			children = (
				00F8DAFB28E6027700103973 /* SettingsViewController.swift */,
				00F8DAF928E6022C00103973 /* QuotesViewController.swift */,
			);
			path = Controllers;
			sourceTree = "<group>";
		};
		00F8DAFE28E6033A00103973 /* Views */ = {
			isa = PBXGroup;
			children = (
				001FE91428D111720063EA2D /* Main.storyboard */,
				001FE91928D111730063EA2D /* LaunchScreen.storyboard */,
			);
			path = Views;
			sourceTree = "<group>";
		};
		00F8DB0128E611CF00103973 /* Models */ = {
			isa = PBXGroup;
			children = (
				00F8DAFF28E6116A00103973 /* Quote.swift */,
				00E7731A28E76F5D0064A825 /* QuotesManager.swift */,
				00E7731C28E76F880064A825 /* Configuration.swift */,
			);
			path = Models;
			sourceTree = "<group>";
		};
/* End PBXGroup section */

/* Begin PBXNativeTarget section */
		001FE90A28D111720063EA2D /* Pensamentos */ = {
			isa = PBXNativeTarget;
			buildConfigurationList = 001FE91F28D111730063EA2D /* Build configuration list for PBXNativeTarget "Pensamentos" */;
			buildPhases = (
				001FE90728D111720063EA2D /* Sources */,
				001FE90828D111720063EA2D /* Frameworks */,
				001FE90928D111720063EA2D /* Resources */,
			);
			buildRules = (
			);
			dependencies = (
			);
			name = Pensamentos;
			productName = Pensamentos;
			productReference = 001FE90B28D111720063EA2D /* Pensamentos.app */;
			productType = "com.apple.product-type.application";
		};
/* End PBXNativeTarget section */

/* Begin PBXProject section */
		001FE90328D111720063EA2D /* Project object */ = {
			isa = PBXProject;
			attributes = {
				BuildIndependentTargetsInParallel = 1;
				LastSwiftUpdateCheck = 1330;
				LastUpgradeCheck = 1330;
				TargetAttributes = {
					001FE90A28D111720063EA2D = {
						CreatedOnToolsVersion = 13.3;
					};
				};
			};
			buildConfigurationList = 001FE90628D111720063EA2D /* Build configuration list for PBXProject "Pensamentos" */;
			compatibilityVersion = "Xcode 13.0";
			developmentRegion = en;
			hasScannedForEncodings = 0;
			knownRegions = (
				en,
				Base,
			);
			mainGroup = 001FE90228D111720063EA2D;
			productRefGroup = 001FE90C28D111720063EA2D /* Products */;
			projectDirPath = "";
			projectRoot = "";
			targets = (
				001FE90A28D111720063EA2D /* Pensamentos */,
			);
		};
/* End PBXProject section */

/* Begin PBXResourcesBuildPhase section */
		001FE90928D111720063EA2D /* Resources */ = {
			isa = PBXResourcesBuildPhase;
			buildActionMask = 2147483647;
			files = (
				001FE91B28D111730063EA2D /* LaunchScreen.storyboard in Resources */,
				001FE92528D11C160063EA2D /* quotes.json in Resources */,
				001FE91828D111730063EA2D /* Assets.xcassets in Resources */,
				001FE91628D111720063EA2D /* Main.storyboard in Resources */,
				001FE92428D11C160063EA2D /* Savoye LET.ttc in Resources */,
			);
			runOnlyForDeploymentPostprocessing = 0;
		};
/* End PBXResourcesBuildPhase section */

/* Begin PBXSourcesBuildPhase section */
		001FE90728D111720063EA2D /* Sources */ = {
			isa = PBXSourcesBuildPhase;
			buildActionMask = 2147483647;
			files = (
				00F8DAFA28E6022C00103973 /* QuotesViewController.swift in Sources */,
				001FE90F28D111720063EA2D /* AppDelegate.swift in Sources */,
				00E7731D28E76F880064A825 /* Configuration.swift in Sources */,
				001FE91128D111720063EA2D /* SceneDelegate.swift in Sources */,
				00F8DB0028E6116A00103973 /* Quote.swift in Sources */,
				00E7731B28E76F5D0064A825 /* QuotesManager.swift in Sources */,
				00F8DAFC28E6027700103973 /* SettingsViewController.swift in Sources */,
			);
			runOnlyForDeploymentPostprocessing = 0;
		};
/* End PBXSourcesBuildPhase section */

/* Begin PBXVariantGroup section */
		001FE91428D111720063EA2D /* Main.storyboard */ = {
			isa = PBXVariantGroup;
			children = (
				001FE91528D111720063EA2D /* Base */,
			);
			name = Main.storyboard;
			sourceTree = "<group>";
		};
		001FE91928D111730063EA2D /* LaunchScreen.storyboard */ = {
			isa = PBXVariantGroup;
			children = (
				001FE91A28D111730063EA2D /* Base */,
			);
			name = LaunchScreen.storyboard;
			sourceTree = "<group>";
		};
/* End PBXVariantGroup section */

/* Begin XCBuildConfiguration section */
		001FE91D28D111730063EA2D /* Debug */ = {
			isa = XCBuildConfiguration;
			buildSettings = {
				ALWAYS_SEARCH_USER_PATHS = NO;
				CLANG_ANALYZER_NONNULL = YES;
				CLANG_ANALYZER_NUMBER_OBJECT_CONVERSION = YES_AGGRESSIVE;
				CLANG_CXX_LANGUAGE_STANDARD = "gnu++17";
				CLANG_ENABLE_MODULES = YES;
				CLANG_ENABLE_OBJC_ARC = YES;
				CLANG_ENABLE_OBJC_WEAK = YES;
				CLANG_WARN_BLOCK_CAPTURE_AUTORELEASING = YES;
				CLANG_WARN_BOOL_CONVERSION = YES;
				CLANG_WARN_COMMA = YES;
				CLANG_WARN_CONSTANT_CONVERSION = YES;
				CLANG_WARN_DEPRECATED_OBJC_IMPLEMENTATIONS = YES;
				CLANG_WARN_DIRECT_OBJC_ISA_USAGE = YES_ERROR;
				CLANG_WARN_DOCUMENTATION_COMMENTS = YES;
				CLANG_WARN_EMPTY_BODY = YES;
				CLANG_WARN_ENUM_CONVERSION = YES;
				CLANG_WARN_INFINITE_RECURSION = YES;
				CLANG_WARN_INT_CONVERSION = YES;
				CLANG_WARN_NON_LITERAL_NULL_CONVERSION = YES;
				CLANG_WARN_OBJC_IMPLICIT_RETAIN_SELF = YES;
				CLANG_WARN_OBJC_LITERAL_CONVERSION = YES;
				CLANG_WARN_OBJC_ROOT_CLASS = YES_ERROR;
				CLANG_WARN_QUOTED_INCLUDE_IN_FRAMEWORK_HEADER = YES;
				CLANG_WARN_RANGE_LOOP_ANALYSIS = YES;
				CLANG_WARN_STRICT_PROTOTYPES = YES;
				CLANG_WARN_SUSPICIOUS_MOVE = YES;
				CLANG_WARN_UNGUARDED_AVAILABILITY = YES_AGGRESSIVE;
				CLANG_WARN_UNREACHABLE_CODE = YES;
				CLANG_WARN__DUPLICATE_METHOD_MATCH = YES;
				COPY_PHASE_STRIP = NO;
				DEBUG_INFORMATION_FORMAT = dwarf;
				ENABLE_STRICT_OBJC_MSGSEND = YES;
				ENABLE_TESTABILITY = YES;
				GCC_C_LANGUAGE_STANDARD = gnu11;
				GCC_DYNAMIC_NO_PIC = NO;
				GCC_NO_COMMON_BLOCKS = YES;
				GCC_OPTIMIZATION_LEVEL = 0;
				GCC_PREPROCESSOR_DEFINITIONS = (
					"DEBUG=1",
					"$(inherited)",
				);
				GCC_WARN_64_TO_32_BIT_CONVERSION = YES;
				GCC_WARN_ABOUT_RETURN_TYPE = YES_ERROR;
				GCC_WARN_UNDECLARED_SELECTOR = YES;
				GCC_WARN_UNINITIALIZED_AUTOS = YES_AGGRESSIVE;
				GCC_WARN_UNUSED_FUNCTION = YES;
				GCC_WARN_UNUSED_VARIABLE = YES;
				IPHONEOS_DEPLOYMENT_TARGET = 15.4;
				MTL_ENABLE_DEBUG_INFO = INCLUDE_SOURCE;
				MTL_FAST_MATH = YES;
				ONLY_ACTIVE_ARCH = YES;
				SDKROOT = iphoneos;
				SWIFT_ACTIVE_COMPILATION_CONDITIONS = DEBUG;
				SWIFT_OPTIMIZATION_LEVEL = "-Onone";
			};
			name = Debug;
		};
		001FE91E28D111730063EA2D /* Release */ = {
			isa = XCBuildConfiguration;
			buildSettings = {
				ALWAYS_SEARCH_USER_PATHS = NO;
				CLANG_ANALYZER_NONNULL = YES;
				CLANG_ANALYZER_NUMBER_OBJECT_CONVERSION = YES_AGGRESSIVE;
				CLANG_CXX_LANGUAGE_STANDARD = "gnu++17";
				CLANG_ENABLE_MODULES = YES;
				CLANG_ENABLE_OBJC_ARC = YES;
				CLANG_ENABLE_OBJC_WEAK = YES;
				CLANG_WARN_BLOCK_CAPTURE_AUTORELEASING = YES;
				CLANG_WARN_BOOL_CONVERSION = YES;
				CLANG_WARN_COMMA = YES;
				CLANG_WARN_CONSTANT_CONVERSION = YES;
				CLANG_WARN_DEPRECATED_OBJC_IMPLEMENTATIONS = YES;
				CLANG_WARN_DIRECT_OBJC_ISA_USAGE = YES_ERROR;
				CLANG_WARN_DOCUMENTATION_COMMENTS = YES;
				CLANG_WARN_EMPTY_BODY = YES;
				CLANG_WARN_ENUM_CONVERSION = YES;
				CLANG_WARN_INFINITE_RECURSION = YES;
				CLANG_WARN_INT_CONVERSION = YES;
				CLANG_WARN_NON_LITERAL_NULL_CONVERSION = YES;
				CLANG_WARN_OBJC_IMPLICIT_RETAIN_SELF = YES;
				CLANG_WARN_OBJC_LITERAL_CONVERSION = YES;
				CLANG_WARN_OBJC_ROOT_CLASS = YES_ERROR;
				CLANG_WARN_QUOTED_INCLUDE_IN_FRAMEWORK_HEADER = YES;
				CLANG_WARN_RANGE_LOOP_ANALYSIS = YES;
				CLANG_WARN_STRICT_PROTOTYPES = YES;
				CLANG_WARN_SUSPICIOUS_MOVE = YES;
				CLANG_WARN_UNGUARDED_AVAILABILITY = YES_AGGRESSIVE;
				CLANG_WARN_UNREACHABLE_CODE = YES;
				CLANG_WARN__DUPLICATE_METHOD_MATCH = YES;
				COPY_PHASE_STRIP = NO;
				DEBUG_INFORMATION_FORMAT = "dwarf-with-dsym";
				ENABLE_NS_ASSERTIONS = NO;
				ENABLE_STRICT_OBJC_MSGSEND = YES;
				GCC_C_LANGUAGE_STANDARD = gnu11;
				GCC_NO_COMMON_BLOCKS = YES;
				GCC_WARN_64_TO_32_BIT_CONVERSION = YES;
				GCC_WARN_ABOUT_RETURN_TYPE = YES_ERROR;
				GCC_WARN_UNDECLARED_SELECTOR = YES;
				GCC_WARN_UNINITIALIZED_AUTOS = YES_AGGRESSIVE;
				GCC_WARN_UNUSED_FUNCTION = YES;
				GCC_WARN_UNUSED_VARIABLE = YES;
				IPHONEOS_DEPLOYMENT_TARGET = 15.4;
				MTL_ENABLE_DEBUG_INFO = NO;
				MTL_FAST_MATH = YES;
				SDKROOT = iphoneos;
				SWIFT_COMPILATION_MODE = wholemodule;
				SWIFT_OPTIMIZATION_LEVEL = "-O";
				VALIDATE_PRODUCT = YES;
			};
			name = Release;
		};
		001FE92028D111730063EA2D /* Debug */ = {
			isa = XCBuildConfiguration;
			buildSettings = {
				ASSETCATALOG_COMPILER_APPICON_NAME = AppIcon;
				ASSETCATALOG_COMPILER_GLOBAL_ACCENT_COLOR_NAME = AccentColor;
				ASSETCATALOG_COMPILER_INCLUDE_ALL_APPICON_ASSETS = NO;
				CODE_SIGN_STYLE = Automatic;
				CURRENT_PROJECT_VERSION = 1;
				DEVELOPMENT_TEAM = YJ623CW64Z;
				GENERATE_INFOPLIST_FILE = YES;
				INFOPLIST_FILE = Pensamentos/Info.plist;
				INFOPLIST_KEY_UIApplicationSupportsIndirectInputEvents = YES;
				INFOPLIST_KEY_UILaunchStoryboardName = LaunchScreen;
				INFOPLIST_KEY_UIMainStoryboardFile = Main;
				INFOPLIST_KEY_UISupportedInterfaceOrientations_iPad = "UIInterfaceOrientationPortrait UIInterfaceOrientationPortraitUpsideDown UIInterfaceOrientationLandscapeLeft UIInterfaceOrientationLandscapeRight";
				INFOPLIST_KEY_UISupportedInterfaceOrientations_iPhone = "UIInterfaceOrientationPortrait UIInterfaceOrientationLandscapeLeft UIInterfaceOrientationLandscapeRight";
				LD_RUNPATH_SEARCH_PATHS = (
					"$(inherited)",
					"@executable_path/Frameworks",
				);
				MARKETING_VERSION = 1.0;
				PRODUCT_BUNDLE_IDENTIFIER = pensamentos.Pensamentos;
				PRODUCT_NAME = "$(TARGET_NAME)";
				SWIFT_EMIT_LOC_STRINGS = YES;
				SWIFT_VERSION = 5.0;
				TARGETED_DEVICE_FAMILY = 1;
			};
			name = Debug;
		};
		001FE92128D111730063EA2D /* Release */ = {
			isa = XCBuildConfiguration;
			buildSettings = {
				ASSETCATALOG_COMPILER_APPICON_NAME = AppIcon;
				ASSETCATALOG_COMPILER_GLOBAL_ACCENT_COLOR_NAME = AccentColor;
				ASSETCATALOG_COMPILER_INCLUDE_ALL_APPICON_ASSETS = NO;
				CODE_SIGN_STYLE = Automatic;
				CURRENT_PROJECT_VERSION = 1;
				DEVELOPMENT_TEAM = YJ623CW64Z;
				GENERATE_INFOPLIST_FILE = YES;
				INFOPLIST_FILE = Pensamentos/Info.plist;
				INFOPLIST_KEY_UIApplicationSupportsIndirectInputEvents = YES;
				INFOPLIST_KEY_UILaunchStoryboardName = LaunchScreen;
				INFOPLIST_KEY_UIMainStoryboardFile = Main;
				INFOPLIST_KEY_UISupportedInterfaceOrientations_iPad = "UIInterfaceOrientationPortrait UIInterfaceOrientationPortraitUpsideDown UIInterfaceOrientationLandscapeLeft UIInterfaceOrientationLandscapeRight";
				INFOPLIST_KEY_UISupportedInterfaceOrientations_iPhone = "UIInterfaceOrientationPortrait UIInterfaceOrientationLandscapeLeft UIInterfaceOrientationLandscapeRight";
				LD_RUNPATH_SEARCH_PATHS = (
					"$(inherited)",
					"@executable_path/Frameworks",
				);
				MARKETING_VERSION = 1.0;
				PRODUCT_BUNDLE_IDENTIFIER = pensamentos.Pensamentos;
				PRODUCT_NAME = "$(TARGET_NAME)";
				SWIFT_EMIT_LOC_STRINGS = YES;
				SWIFT_VERSION = 5.0;
				TARGETED_DEVICE_FAMILY = 1;
			};
			name = Release;
		};
/* End XCBuildConfiguration section */

/* Begin XCConfigurationList section */
		001FE90628D111720063EA2D /* Build configuration list for PBXProject "Pensamentos" */ = {
			isa = XCConfigurationList;
			buildConfigurations = (
				001FE91D28D111730063EA2D /* Debug */,
				001FE91E28D111730063EA2D /* Release */,
			);
			defaultConfigurationIsVisible = 0;
			defaultConfigurationName = Release;
		};
		001FE91F28D111730063EA2D /* Build configuration list for PBXNativeTarget "Pensamentos" */ = {
			isa = XCConfigurationList;
			buildConfigurations = (
				001FE92028D111730063EA2D /* Debug */,
				001FE92128D111730063EA2D /* Release */,
			);
			defaultConfigurationIsVisible = 0;
			defaultConfigurationName = Release;
		};
/* End XCConfigurationList section */
	};
	rootObject = 001FE90328D111720063EA2D /* Project object */;
}
